
Microsoft Visual Studio Solution File, Format Version 12.00
# Visual Studio Version 17
VisualStudioVersion = 17.4.33213.308
MinimumVisualStudioVersion = 10.0.40219.1
Project("{9A19103F-16F7-4668-BE54-9A1E7A4F7556}") = "ChallengeApp", "ChallengeApp\ChallengeApp.csproj", "{E263F884-C814-4BF6-899F-E3C2A6BAE9BB}"
EndProject
Project("{FAE04EC0-301F-11D3-BF4B-00C04F79EFBC}") = "ChallengeApp.Test", "ChallengeApp.Test\ChallengeApp.Test.csproj", "{5CBD84F0-CB8A-4FEF-9D93-B87BAECA1FF4}"
EndProject
Global
	GlobalSection(SolutionConfigurationPlatforms) = preSolution
		Debug|Any CPU = Debug|Any CPU
		Release|Any CPU = Release|Any CPU
	EndGlobalSection
	GlobalSection(ProjectConfigurationPlatforms) = postSolution
		{E263F884-C814-4BF6-899F-E3C2A6BAE9BB}.Debug|Any CPU.ActiveCfg = Debug|Any CPU
		{E263F884-C814-4BF6-899F-E3C2A6BAE9BB}.Debug|Any CPU.Build.0 = Debug|Any CPU
		{E263F884-C814-4BF6-899F-E3C2A6BAE9BB}.Release|Any CPU.ActiveCfg = Release|Any CPU
		{E263F884-C814-4BF6-899F-E3C2A6BAE9BB}.Release|Any CPU.Build.0 = Release|Any CPU
		{5CBD84F0-CB8A-4FEF-9D93-B87BAECA1FF4}.Debug|Any CPU.ActiveCfg = Debug|Any CPU
		{5CBD84F0-CB8A-4FEF-9D93-B87BAECA1FF4}.Debug|Any CPU.Build.0 = Debug|Any CPU
		{5CBD84F0-CB8A-4FEF-9D93-B87BAECA1FF4}.Release|Any CPU.ActiveCfg = Release|Any CPU
		{5CBD84F0-CB8A-4FEF-9D93-B87BAECA1FF4}.Release|Any CPU.Build.0 = Release|Any CPU
	EndGlobalSection
	GlobalSection(SolutionProperties) = preSolution
		HideSolutionNode = FALSE
	EndGlobalSection
	GlobalSection(ExtensibilityGlobals) = postSolution
		SolutionGuid = {D9061F0F-CFBA-48D2-8C3D-CF4ECCD307CC}
	EndGlobalSection
EndGlobal
